{
  "name": "configgenerator",
  "version": "1.0.0",
  "lockfileVersion": 1,
  "requires": true,
  "dependencies": {
    "edit-json-file": {
      "version": "1.3.1",
      "resolved": "https://artylab.expedia.biz/api/npm/bexgtemp-npm-virtual/edit-json-file/-/edit-json-file-1.3.1.tgz",
      "integrity": "sha1-XkSt4qo9Iuw0Hg7Z3aozvlzkTZM=",
      "requires": {
        "find-value": "^1.0.3",
        "iterate-object": "^1.3.2",
        "r-json": "^1.2.5",
        "set-value": "^3.0.1",
        "w-json": "^1.3.5"
      }
    },
    "find-value": {
      "version": "1.0.11",
      "resolved": "https://artylab.expedia.biz/api/npm/bexgtemp-npm-virtual/find-value/-/find-value-1.0.11.tgz",
      "integrity": "sha1-STwGKITUqiamZXGt7eqYpGrToGA="
    },
    "is-plain-object": {
      "version": "2.0.4",
      "resolved": "https://artylab.expedia.biz/api/npm/bexgtemp-npm-virtual/is-plain-object/-/is-plain-object-2.0.4.tgz",
      "integrity": "sha1-LBY7P6+xtgbZ0Xko8FwqHDjgdnc=",
      "requires": {
        "isobject": "^3.0.1"
      }
    },
    "isobject": {
      "version": "3.0.1",
      "resolved": "https://artylab.expedia.biz/api/npm/bexgtemp-npm-virtual/isobject/-/isobject-3.0.1.tgz",
      "integrity": "sha1-TkMekrEalzFjaqH5yNHMvP2reN8="
    },
    "iterate-object": {
      "version": "1.3.3",
      "resolved": "https://artylab.expedia.biz/api/npm/bexgtemp-npm-virtual/iterate-object/-/iterate-object-1.3.3.tgz",
      "integrity": "sha1-xY5g9/DK76LTggJ6SEshWYinopY="
    },
    "r-json": {
      "version": "1.2.9",
      "resolved": "https://artylab.expedia.biz/api/npm/bexgtemp-npm-virtual/r-json/-/r-json-1.2.9.tgz",
      "integrity": "sha1-BjfaNIWwtEkun/roV5b4svNz9gA="
    },
    "set-value": {
      "version": "3.0.1",
      "resolved": "https://artylab.expedia.biz/api/npm/bexgtemp-npm-virtual/set-value/-/set-value-3.0.1.tgz",
      "integrity": "sha1-Usgq92U7pp6x25LoH1zbMnObnpU=",
      "requires": {
        "is-plain-object": "^2.0.4"
      }
    },
    "w-json": {
      "version": "1.3.9",
      "resolved": "https://artylab.expedia.biz/api/npm/bexgtemp-npm-virtual/w-json/-/w-json-1.3.9.tgz",
      "integrity": "sha1-wd37rhJ59+hNWhvVh7U6A/XFz/g="
    }
  }
}
